
Microsoft Visual Studio Solution File, Format Version 12.00
# Visual Studio Version 16
VisualStudioVersion = 16.0.29926.136
MinimumVisualStudioVersion = 10.0.40219.1
Project("{FAE04EC0-301F-11D3-BF4B-00C04F79EFBC}") = "ProgramOverflow", "ProgramOverflow.csproj", "{CA761095-8BC2-447B-93A2-2DB38D0F2919}"
EndProject
Global
	GlobalSection(SolutionConfigurationPlatforms) = preSolution
		Debug|Any CPU = Debug|Any CPU
		Release|Any CPU = Release|Any CPU
	EndGlobalSection
	GlobalSection(ProjectConfigurationPlatforms) = postSolution
		{CA761095-8BC2-447B-93A2-2DB38D0F2919}.Debug|Any CPU.ActiveCfg = Debug|Any CPU
		{CA761095-8BC2-447B-93A2-2DB38D0F2919}.Debug|Any CPU.Build.0 = Debug|Any CPU
		{CA761095-8BC2-447B-93A2-2DB38D0F2919}.Release|Any CPU.ActiveCfg = Release|Any CPU
		{CA761095-8BC2-447B-93A2-2DB38D0F2919}.Release|Any CPU.Build.0 = Release|Any CPU
	EndGlobalSection
	GlobalSection(SolutionProperties) = preSolution
		HideSolutionNode = FALSE
	EndGlobalSection
	GlobalSection(ExtensibilityGlobals) = postSolution
		SolutionGuid = {1FC2A492-B293-447C-917E-F74A0653583B}
	EndGlobalSection
EndGlobal
